
Microsoft Visual Studio Solution File, Format Version 12.00
# Visual Studio Version 16
VisualStudioVersion = 16.0.31105.61
MinimumVisualStudioVersion = 10.0.40219.1
Project("{FAE04EC0-301F-11D3-BF4B-00C04F79EFBC}") = "BlazorWasmApp.Server", "BlazorWasmApp\Server\BlazorWasmApp.Server.csproj", "{832E26A3-A7EF-4005-A383-1EE2E7179258}"
EndProject
Project("{FAE04EC0-301F-11D3-BF4B-00C04F79EFBC}") = "BlazorWasmApp.Client", "BlazorWasmApp\Client\BlazorWasmApp.Client.csproj", "{B0ED6CF8-00A2-4177-A231-0E60491B26C4}"
EndProject
Project("{FAE04EC0-301F-11D3-BF4B-00C04F79EFBC}") = "BlazorWasmApp.Shared", "BlazorWasmApp\Shared\BlazorWasmApp.Shared.csproj", "{64EA5513-A231-4CF5-977F-2DF02ADC6866}"
EndProject
Global
	GlobalSection(SolutionConfigurationPlatforms) = preSolution
		Debug|Any CPU = Debug|Any CPU
		Release|Any CPU = Release|Any CPU
	EndGlobalSection
	GlobalSection(ProjectConfigurationPlatforms) = postSolution
		{832E26A3-A7EF-4005-A383-1EE2E7179258}.Debug|Any CPU.ActiveCfg = Debug|Any CPU
		{832E26A3-A7EF-4005-A383-1EE2E7179258}.Debug|Any CPU.Build.0 = Debug|Any CPU
		{832E26A3-A7EF-4005-A383-1EE2E7179258}.Release|Any CPU.ActiveCfg = Release|Any CPU
		{832E26A3-A7EF-4005-A383-1EE2E7179258}.Release|Any CPU.Build.0 = Release|Any CPU
		{B0ED6CF8-00A2-4177-A231-0E60491B26C4}.Debug|Any CPU.ActiveCfg = Debug|Any CPU
		{B0ED6CF8-00A2-4177-A231-0E60491B26C4}.Debug|Any CPU.Build.0 = Debug|Any CPU
		{B0ED6CF8-00A2-4177-A231-0E60491B26C4}.Release|Any CPU.ActiveCfg = Release|Any CPU
		{B0ED6CF8-00A2-4177-A231-0E60491B26C4}.Release|Any CPU.Build.0 = Release|Any CPU
		{64EA5513-A231-4CF5-977F-2DF02ADC6866}.Debug|Any CPU.ActiveCfg = Debug|Any CPU
		{64EA5513-A231-4CF5-977F-2DF02ADC6866}.Debug|Any CPU.Build.0 = Debug|Any CPU
		{64EA5513-A231-4CF5-977F-2DF02ADC6866}.Release|Any CPU.ActiveCfg = Release|Any CPU
		{64EA5513-A231-4CF5-977F-2DF02ADC6866}.Release|Any CPU.Build.0 = Release|Any CPU
	EndGlobalSection
	GlobalSection(SolutionProperties) = preSolution
		HideSolutionNode = FALSE
	EndGlobalSection
	GlobalSection(ExtensibilityGlobals) = postSolution
		SolutionGuid = {81FC11E1-3693-4464-95C7-F7326A40E167}
	EndGlobalSection
EndGlobal
